// !$*UTF8*$!
{
	archiveVersion = 1;
	classes = {
	};
	objectVersion = 56;
	objects = {

/* Begin PBXBuildFile section */
		18F86F53796A5743C7651799 /* Pods_Style2SpaceTests.framework in Frameworks */ = {isa = PBXBuildFile; fileRef = 06FCFB2AB7309DC0FE33B826 /* Pods_Style2SpaceTests.framework */; };
		BB01AE47121313D9C1545A6E /* Pods_Style2Space.framework in Frameworks */ = {isa = PBXBuildFile; fileRef = 6CC5A1CA6D4DF0AF7581EB9F /* Pods_Style2Space.framework */; };
		C1240A11734FAECC217C89C0 /* Pods_Style2Space_Style2SpaceUITests.framework in Frameworks */ = {isa = PBXBuildFile; fileRef = 969C4AE3F779A5CF87837B2B /* Pods_Style2Space_Style2SpaceUITests.framework */; };
		D422C7FA2BCD27E500298B2C /* AppDelegate.swift in Sources */ = {isa = PBXBuildFile; fileRef = D422C7F92BCD27E500298B2C /* AppDelegate.swift */; };
		D422C7FC2BCD27E500298B2C /* SceneDelegate.swift in Sources */ = {isa = PBXBuildFile; fileRef = D422C7FB2BCD27E500298B2C /* SceneDelegate.swift */; };
		D422C7FE2BCD27E500298B2C /* ViewController.swift in Sources */ = {isa = PBXBuildFile; fileRef = D422C7FD2BCD27E500298B2C /* ViewController.swift */; };
		D422C8012BCD27E500298B2C /* Main.storyboard in Resources */ = {isa = PBXBuildFile; fileRef = D422C7FF2BCD27E500298B2C /* Main.storyboard */; };
		D422C8042BCD27E500298B2C /* Style2Space.xcdatamodeld in Sources */ = {isa = PBXBuildFile; fileRef = D422C8022BCD27E500298B2C /* Style2Space.xcdatamodeld */; };
		D422C8062BCD27E900298B2C /* Assets.xcassets in Resources */ = {isa = PBXBuildFile; fileRef = D422C8052BCD27E900298B2C /* Assets.xcassets */; };
		D422C8092BCD27E900298B2C /* LaunchScreen.storyboard in Resources */ = {isa = PBXBuildFile; fileRef = D422C8072BCD27E900298B2C /* LaunchScreen.storyboard */; };
		D422C8142BCD27EA00298B2C /* Style2SpaceTests.swift in Sources */ = {isa = PBXBuildFile; fileRef = D422C8132BCD27EA00298B2C /* Style2SpaceTests.swift */; };
		D422C81E2BCD27EA00298B2C /* Style2SpaceUITests.swift in Sources */ = {isa = PBXBuildFile; fileRef = D422C81D2BCD27EA00298B2C /* Style2SpaceUITests.swift */; };
		D422C8202BCD27EA00298B2C /* Style2SpaceUITestsLaunchTests.swift in Sources */ = {isa = PBXBuildFile; fileRef = D422C81F2BCD27EA00298B2C /* Style2SpaceUITestsLaunchTests.swift */; };
		D468141A2BD27C1600A1AD59 /* SignupModel.swift in Sources */ = {isa = PBXBuildFile; fileRef = D46814192BD27C1600A1AD59 /* SignupModel.swift */; };
		D47D30402BD40E9F00CAC222 /* IQKeyboardManagerSwift in Frameworks */ = {isa = PBXBuildFile; productRef = D47D303F2BD40E9F00CAC222 /* IQKeyboardManagerSwift */; };
		D47D30432BD4144A00CAC222 /* swiftlint.yml in Resources */ = {isa = PBXBuildFile; fileRef = D47D30422BD4144A00CAC222 /* swiftlint.yml */; };
		D47D30462BD43D8600CAC222 /* GenderDobTableViewCell.swift in Sources */ = {isa = PBXBuildFile; fileRef = D47D30442BD43D8600CAC222 /* GenderDobTableViewCell.swift */; };
		D47D30472BD43D8600CAC222 /* GenderDobTableViewCell.xib in Resources */ = {isa = PBXBuildFile; fileRef = D47D30452BD43D8600CAC222 /* GenderDobTableViewCell.xib */; };
		D47D30492BD5020300CAC222 /* OTPTextField.swift in Sources */ = {isa = PBXBuildFile; fileRef = D47D30482BD5020200CAC222 /* OTPTextField.swift */; };
		D492A4592BCFC4AF000C742F /* StoryBoard.swift in Sources */ = {isa = PBXBuildFile; fileRef = D492A4562BCFC4AF000C742F /* StoryBoard.swift */; };
		D492A45A2BCFC4AF000C742F /* Coordinator.swift in Sources */ = {isa = PBXBuildFile; fileRef = D492A4572BCFC4AF000C742F /* Coordinator.swift */; };
		D492A45B2BCFC4AF000C742F /* MainCoordinator.swift in Sources */ = {isa = PBXBuildFile; fileRef = D492A4582BCFC4AF000C742F /* MainCoordinator.swift */; };
		D492A4602BCFCF21000C742F /* Constants.swift in Sources */ = {isa = PBXBuildFile; fileRef = D492A45F2BCFCF21000C742F /* Constants.swift */; };
		D492A4662BD002A8000C742F /* LoginViewModel.swift in Sources */ = {isa = PBXBuildFile; fileRef = D492A4652BD002A8000C742F /* LoginViewModel.swift */; };
		D492A4682BD06107000C742F /* ValidateData.swift in Sources */ = {isa = PBXBuildFile; fileRef = D492A4672BD06107000C742F /* ValidateData.swift */; };
		D492A46A2BD128DF000C742F /* Extensions.swift in Sources */ = {isa = PBXBuildFile; fileRef = D492A4692BD128DF000C742F /* Extensions.swift */; };
		D492A46D2BD12DBC000C742F /* APIManager.swift in Sources */ = {isa = PBXBuildFile; fileRef = D492A46C2BD12DBC000C742F /* APIManager.swift */; };
		D492A46F2BD13D81000C742F /* LoginModel.swift in Sources */ = {isa = PBXBuildFile; fileRef = D492A46E2BD13D81000C742F /* LoginModel.swift */; };
		D492A4752BD16C7C000C742F /* SignUpViewController.swift in Sources */ = {isa = PBXBuildFile; fileRef = D492A4742BD16C7C000C742F /* SignUpViewController.swift */; };
		D492A4772BD16C8F000C742F /* SignUpViewModel.swift in Sources */ = {isa = PBXBuildFile; fileRef = D492A4762BD16C8F000C742F /* SignUpViewModel.swift */; };
		D492A47B2BD16FDE000C742F /* InputDataTableViewCell.swift in Sources */ = {isa = PBXBuildFile; fileRef = D492A4792BD16FDE000C742F /* InputDataTableViewCell.swift */; };
		D492A47C2BD16FDE000C742F /* InputDataTableViewCell.xib in Resources */ = {isa = PBXBuildFile; fileRef = D492A47A2BD16FDE000C742F /* InputDataTableViewCell.xib */; };
		D492A4802BD17124000C742F /* SignupTableViewCell.swift in Sources */ = {isa = PBXBuildFile; fileRef = D492A47E2BD17124000C742F /* SignupTableViewCell.swift */; };
		D492A4812BD17124000C742F /* SignupTableViewCell.xib in Resources */ = {isa = PBXBuildFile; fileRef = D492A47F2BD17124000C742F /* SignupTableViewCell.xib */; };
		D492A4872BD1A13A000C742F /* AccountVerificationViewController.swift in Sources */ = {isa = PBXBuildFile; fileRef = D492A4862BD1A13A000C742F /* AccountVerificationViewController.swift */; };
		D492A4892BD1A15F000C742F /* AccountVerificationViewModel.swift in Sources */ = {isa = PBXBuildFile; fileRef = D492A4882BD1A15E000C742F /* AccountVerificationViewModel.swift */; };
		D492A48F2BD1A8AC000C742F /* CreatePasswordViewController.swift in Sources */ = {isa = PBXBuildFile; fileRef = D492A48E2BD1A8AC000C742F /* CreatePasswordViewController.swift */; };
		D492A4912BD1A8C3000C742F /* CreatePasswordViewModel.swift in Sources */ = {isa = PBXBuildFile; fileRef = D492A4902BD1A8C3000C742F /* CreatePasswordViewModel.swift */; };
/* End PBXBuildFile section */

/* Begin PBXContainerItemProxy section */
		D422C8102BCD27EA00298B2C /* PBXContainerItemProxy */ = {
			isa = PBXContainerItemProxy;
			containerPortal = D422C7EE2BCD27E400298B2C /* Project object */;
			proxyType = 1;
			remoteGlobalIDString = D422C7F52BCD27E400298B2C;
			remoteInfo = Style2Space;
		};
		D422C81A2BCD27EA00298B2C /* PBXContainerItemProxy */ = {
			isa = PBXContainerItemProxy;
			containerPortal = D422C7EE2BCD27E400298B2C /* Project object */;
			proxyType = 1;
			remoteGlobalIDString = D422C7F52BCD27E400298B2C;
			remoteInfo = Style2Space;
		};
/* End PBXContainerItemProxy section */

/* Begin PBXFileReference section */
		06FCFB2AB7309DC0FE33B826 /* Pods_Style2SpaceTests.framework */ = {isa = PBXFileReference; explicitFileType = wrapper.framework; includeInIndex = 0; path = Pods_Style2SpaceTests.framework; sourceTree = BUILT_PRODUCTS_DIR; };
		4060F69A6EF9AC9264B3A925 /* Pods-Style2Space.release.xcconfig */ = {isa = PBXFileReference; includeInIndex = 1; lastKnownFileType = text.xcconfig; name = "Pods-Style2Space.release.xcconfig"; path = "Target Support Files/Pods-Style2Space/Pods-Style2Space.release.xcconfig"; sourceTree = "<group>"; };
		583BC91D43343A88D1339073 /* Pods-Style2Space-Style2SpaceUITests.debug.xcconfig */ = {isa = PBXFileReference; includeInIndex = 1; lastKnownFileType = text.xcconfig; name = "Pods-Style2Space-Style2SpaceUITests.debug.xcconfig"; path = "Target Support Files/Pods-Style2Space-Style2SpaceUITests/Pods-Style2Space-Style2SpaceUITests.debug.xcconfig"; sourceTree = "<group>"; };
		6CC5A1CA6D4DF0AF7581EB9F /* Pods_Style2Space.framework */ = {isa = PBXFileReference; explicitFileType = wrapper.framework; includeInIndex = 0; path = Pods_Style2Space.framework; sourceTree = BUILT_PRODUCTS_DIR; };
		969C4AE3F779A5CF87837B2B /* Pods_Style2Space_Style2SpaceUITests.framework */ = {isa = PBXFileReference; explicitFileType = wrapper.framework; includeInIndex = 0; path = Pods_Style2Space_Style2SpaceUITests.framework; sourceTree = BUILT_PRODUCTS_DIR; };
		A82B3CA39E7CBF13DE5C7116 /* Pods-Style2SpaceTests.debug.xcconfig */ = {isa = PBXFileReference; includeInIndex = 1; lastKnownFileType = text.xcconfig; name = "Pods-Style2SpaceTests.debug.xcconfig"; path = "Target Support Files/Pods-Style2SpaceTests/Pods-Style2SpaceTests.debug.xcconfig"; sourceTree = "<group>"; };
		BD47C3FE0BFBD9D83195F813 /* Pods-Style2SpaceTests.release.xcconfig */ = {isa = PBXFileReference; includeInIndex = 1; lastKnownFileType = text.xcconfig; name = "Pods-Style2SpaceTests.release.xcconfig"; path = "Target Support Files/Pods-Style2SpaceTests/Pods-Style2SpaceTests.release.xcconfig"; sourceTree = "<group>"; };
		D3B2F75C28B54CB1BE6B8A41 /* Pods-Style2Space.debug.xcconfig */ = {isa = PBXFileReference; includeInIndex = 1; lastKnownFileType = text.xcconfig; name = "Pods-Style2Space.debug.xcconfig"; path = "Target Support Files/Pods-Style2Space/Pods-Style2Space.debug.xcconfig"; sourceTree = "<group>"; };
		D422C7F62BCD27E400298B2C /* Style2Space.app */ = {isa = PBXFileReference; explicitFileType = wrapper.application; includeInIndex = 0; path = Style2Space.app; sourceTree = BUILT_PRODUCTS_DIR; };
		D422C7F92BCD27E500298B2C /* AppDelegate.swift */ = {isa = PBXFileReference; lastKnownFileType = sourcecode.swift; path = AppDelegate.swift; sourceTree = "<group>"; };
		D422C7FB2BCD27E500298B2C /* SceneDelegate.swift */ = {isa = PBXFileReference; lastKnownFileType = sourcecode.swift; path = SceneDelegate.swift; sourceTree = "<group>"; };
		D422C7FD2BCD27E500298B2C /* ViewController.swift */ = {isa = PBXFileReference; lastKnownFileType = sourcecode.swift; path = ViewController.swift; sourceTree = "<group>"; };
		D422C8002BCD27E500298B2C /* Base */ = {isa = PBXFileReference; lastKnownFileType = file.storyboard; name = Base; path = Base.lproj/Main.storyboard; sourceTree = "<group>"; };
		D422C8032BCD27E500298B2C /* Style2Space.xcdatamodel */ = {isa = PBXFileReference; lastKnownFileType = wrapper.xcdatamodel; path = Style2Space.xcdatamodel; sourceTree = "<group>"; };
		D422C8052BCD27E900298B2C /* Assets.xcassets */ = {isa = PBXFileReference; lastKnownFileType = folder.assetcatalog; path = Assets.xcassets; sourceTree = "<group>"; };
		D422C8082BCD27E900298B2C /* Base */ = {isa = PBXFileReference; lastKnownFileType = file.storyboard; name = Base; path = Base.lproj/LaunchScreen.storyboard; sourceTree = "<group>"; };
		D422C80A2BCD27E900298B2C /* Info.plist */ = {isa = PBXFileReference; lastKnownFileType = text.plist.xml; path = Info.plist; sourceTree = "<group>"; };
		D422C80F2BCD27EA00298B2C /* Style2SpaceTests.xctest */ = {isa = PBXFileReference; explicitFileType = wrapper.cfbundle; includeInIndex = 0; path = Style2SpaceTests.xctest; sourceTree = BUILT_PRODUCTS_DIR; };
		D422C8132BCD27EA00298B2C /* Style2SpaceTests.swift */ = {isa = PBXFileReference; lastKnownFileType = sourcecode.swift; path = Style2SpaceTests.swift; sourceTree = "<group>"; };
		D422C8192BCD27EA00298B2C /* Style2SpaceUITests.xctest */ = {isa = PBXFileReference; explicitFileType = wrapper.cfbundle; includeInIndex = 0; path = Style2SpaceUITests.xctest; sourceTree = BUILT_PRODUCTS_DIR; };
		D422C81D2BCD27EA00298B2C /* Style2SpaceUITests.swift */ = {isa = PBXFileReference; lastKnownFileType = sourcecode.swift; path = Style2SpaceUITests.swift; sourceTree = "<group>"; };
		D422C81F2BCD27EA00298B2C /* Style2SpaceUITestsLaunchTests.swift */ = {isa = PBXFileReference; lastKnownFileType = sourcecode.swift; path = Style2SpaceUITestsLaunchTests.swift; sourceTree = "<group>"; };
		D46814192BD27C1600A1AD59 /* SignupModel.swift */ = {isa = PBXFileReference; lastKnownFileType = sourcecode.swift; path = SignupModel.swift; sourceTree = "<group>"; };
		D47D30422BD4144A00CAC222 /* swiftlint.yml */ = {isa = PBXFileReference; fileEncoding = 4; lastKnownFileType = text.yaml; path = swiftlint.yml; sourceTree = "<group>"; };
		D47D30442BD43D8600CAC222 /* GenderDobTableViewCell.swift */ = {isa = PBXFileReference; lastKnownFileType = sourcecode.swift; path = GenderDobTableViewCell.swift; sourceTree = "<group>"; };
		D47D30452BD43D8600CAC222 /* GenderDobTableViewCell.xib */ = {isa = PBXFileReference; lastKnownFileType = file.xib; path = GenderDobTableViewCell.xib; sourceTree = "<group>"; };
		D47D30482BD5020200CAC222 /* OTPTextField.swift */ = {isa = PBXFileReference; lastKnownFileType = sourcecode.swift; path = OTPTextField.swift; sourceTree = "<group>"; };
		D492A4562BCFC4AF000C742F /* StoryBoard.swift */ = {isa = PBXFileReference; fileEncoding = 4; lastKnownFileType = sourcecode.swift; path = StoryBoard.swift; sourceTree = "<group>"; };
		D492A4572BCFC4AF000C742F /* Coordinator.swift */ = {isa = PBXFileReference; fileEncoding = 4; lastKnownFileType = sourcecode.swift; path = Coordinator.swift; sourceTree = "<group>"; };
		D492A4582BCFC4AF000C742F /* MainCoordinator.swift */ = {isa = PBXFileReference; fileEncoding = 4; lastKnownFileType = sourcecode.swift; path = MainCoordinator.swift; sourceTree = "<group>"; };
		D492A45F2BCFCF21000C742F /* Constants.swift */ = {isa = PBXFileReference; lastKnownFileType = sourcecode.swift; path = Constants.swift; sourceTree = "<group>"; };
		D492A4652BD002A8000C742F /* LoginViewModel.swift */ = {isa = PBXFileReference; lastKnownFileType = sourcecode.swift; path = LoginViewModel.swift; sourceTree = "<group>"; };
		D492A4672BD06107000C742F /* ValidateData.swift */ = {isa = PBXFileReference; fileEncoding = 4; lastKnownFileType = sourcecode.swift; path = ValidateData.swift; sourceTree = "<group>"; };
		D492A4692BD128DF000C742F /* Extensions.swift */ = {isa = PBXFileReference; lastKnownFileType = sourcecode.swift; path = Extensions.swift; sourceTree = "<group>"; };
		D492A46C2BD12DBC000C742F /* APIManager.swift */ = {isa = PBXFileReference; fileEncoding = 4; lastKnownFileType = sourcecode.swift; path = APIManager.swift; sourceTree = "<group>"; };
		D492A46E2BD13D81000C742F /* LoginModel.swift */ = {isa = PBXFileReference; lastKnownFileType = sourcecode.swift; path = LoginModel.swift; sourceTree = "<group>"; };
		D492A4742BD16C7C000C742F /* SignUpViewController.swift */ = {isa = PBXFileReference; lastKnownFileType = sourcecode.swift; path = SignUpViewController.swift; sourceTree = "<group>"; };
		D492A4762BD16C8F000C742F /* SignUpViewModel.swift */ = {isa = PBXFileReference; lastKnownFileType = sourcecode.swift; path = SignUpViewModel.swift; sourceTree = "<group>"; };
		D492A4792BD16FDE000C742F /* InputDataTableViewCell.swift */ = {isa = PBXFileReference; lastKnownFileType = sourcecode.swift; path = InputDataTableViewCell.swift; sourceTree = "<group>"; };
		D492A47A2BD16FDE000C742F /* InputDataTableViewCell.xib */ = {isa = PBXFileReference; lastKnownFileType = file.xib; path = InputDataTableViewCell.xib; sourceTree = "<group>"; };
		D492A47E2BD17124000C742F /* SignupTableViewCell.swift */ = {isa = PBXFileReference; lastKnownFileType = sourcecode.swift; path = SignupTableViewCell.swift; sourceTree = "<group>"; };
		D492A47F2BD17124000C742F /* SignupTableViewCell.xib */ = {isa = PBXFileReference; lastKnownFileType = file.xib; path = SignupTableViewCell.xib; sourceTree = "<group>"; };
		D492A4862BD1A13A000C742F /* AccountVerificationViewController.swift */ = {isa = PBXFileReference; lastKnownFileType = sourcecode.swift; path = AccountVerificationViewController.swift; sourceTree = "<group>"; };
		D492A4882BD1A15E000C742F /* AccountVerificationViewModel.swift */ = {isa = PBXFileReference; lastKnownFileType = sourcecode.swift; path = AccountVerificationViewModel.swift; sourceTree = "<group>"; };
		D492A48E2BD1A8AC000C742F /* CreatePasswordViewController.swift */ = {isa = PBXFileReference; lastKnownFileType = sourcecode.swift; path = CreatePasswordViewController.swift; sourceTree = "<group>"; };
		D492A4902BD1A8C3000C742F /* CreatePasswordViewModel.swift */ = {isa = PBXFileReference; lastKnownFileType = sourcecode.swift; path = CreatePasswordViewModel.swift; sourceTree = "<group>"; };
		ECFBB1CF28932B7ADBC53A92 /* Pods-Style2Space-Style2SpaceUITests.release.xcconfig */ = {isa = PBXFileReference; includeInIndex = 1; lastKnownFileType = text.xcconfig; name = "Pods-Style2Space-Style2SpaceUITests.release.xcconfig"; path = "Target Support Files/Pods-Style2Space-Style2SpaceUITests/Pods-Style2Space-Style2SpaceUITests.release.xcconfig"; sourceTree = "<group>"; };
/* End PBXFileReference section */

/* Begin PBXFrameworksBuildPhase section */
		D422C7F32BCD27E400298B2C /* Frameworks */ = {
			isa = PBXFrameworksBuildPhase;
			buildActionMask = 2147483647;
			files = (
				BB01AE47121313D9C1545A6E /* Pods_Style2Space.framework in Frameworks */,
				D47D30402BD40E9F00CAC222 /* IQKeyboardManagerSwift in Frameworks */,
			);
			runOnlyForDeploymentPostprocessing = 0;
		};
		D422C80C2BCD27EA00298B2C /* Frameworks */ = {
			isa = PBXFrameworksBuildPhase;
			buildActionMask = 2147483647;
			files = (
				18F86F53796A5743C7651799 /* Pods_Style2SpaceTests.framework in Frameworks */,
			);
			runOnlyForDeploymentPostprocessing = 0;
		};
		D422C8162BCD27EA00298B2C /* Frameworks */ = {
			isa = PBXFrameworksBuildPhase;
			buildActionMask = 2147483647;
			files = (
				C1240A11734FAECC217C89C0 /* Pods_Style2Space_Style2SpaceUITests.framework in Frameworks */,
			);
			runOnlyForDeploymentPostprocessing = 0;
		};
/* End PBXFrameworksBuildPhase section */

/* Begin PBXGroup section */
		B163F8350C268C8F585FA00F /* Frameworks */ = {
			isa = PBXGroup;
			children = (
				6CC5A1CA6D4DF0AF7581EB9F /* Pods_Style2Space.framework */,
				969C4AE3F779A5CF87837B2B /* Pods_Style2Space_Style2SpaceUITests.framework */,
				06FCFB2AB7309DC0FE33B826 /* Pods_Style2SpaceTests.framework */,
			);
			name = Frameworks;
			sourceTree = "<group>";
		};
		C4E7F5034246ABA1BB03E62C /* Pods */ = {
			isa = PBXGroup;
			children = (
				D3B2F75C28B54CB1BE6B8A41 /* Pods-Style2Space.debug.xcconfig */,
				4060F69A6EF9AC9264B3A925 /* Pods-Style2Space.release.xcconfig */,
				583BC91D43343A88D1339073 /* Pods-Style2Space-Style2SpaceUITests.debug.xcconfig */,
				ECFBB1CF28932B7ADBC53A92 /* Pods-Style2Space-Style2SpaceUITests.release.xcconfig */,
				A82B3CA39E7CBF13DE5C7116 /* Pods-Style2SpaceTests.debug.xcconfig */,
				BD47C3FE0BFBD9D83195F813 /* Pods-Style2SpaceTests.release.xcconfig */,
			);
			path = Pods;
			sourceTree = "<group>";
		};
		D422C7ED2BCD27E400298B2C = {
			isa = PBXGroup;
			children = (
				D47D30422BD4144A00CAC222 /* swiftlint.yml */,
				D422C7F82BCD27E400298B2C /* Style2Space */,
				D422C8122BCD27EA00298B2C /* Style2SpaceTests */,
				D422C81C2BCD27EA00298B2C /* Style2SpaceUITests */,
				D422C7F72BCD27E400298B2C /* Products */,
				C4E7F5034246ABA1BB03E62C /* Pods */,
				B163F8350C268C8F585FA00F /* Frameworks */,
			);
			sourceTree = "<group>";
		};
		D422C7F72BCD27E400298B2C /* Products */ = {
			isa = PBXGroup;
			children = (
				D422C7F62BCD27E400298B2C /* Style2Space.app */,
				D422C80F2BCD27EA00298B2C /* Style2SpaceTests.xctest */,
				D422C8192BCD27EA00298B2C /* Style2SpaceUITests.xctest */,
			);
			name = Products;
			sourceTree = "<group>";
		};
		D422C7F82BCD27E400298B2C /* Style2Space */ = {
			isa = PBXGroup;
			children = (
				D492A46B2BD12DA5000C742F /* ApiManager */,
				D492A45E2BCFCEEC000C742F /* Utilities */,
				D492A4552BCFC489000C742F /* Coordinator */,
				D492A4542BCFC46B000C742F /* Delegates */,
				D492A4612BCFF145000C742F /* Screens */,
				D422C7FF2BCD27E500298B2C /* Main.storyboard */,
				D422C8052BCD27E900298B2C /* Assets.xcassets */,
				D422C8072BCD27E900298B2C /* LaunchScreen.storyboard */,
				D422C80A2BCD27E900298B2C /* Info.plist */,
				D492A45D2BCFCCC2000C742F /* DataBase */,
			);
			path = Style2Space;
			sourceTree = "<group>";
		};
		D422C8122BCD27EA00298B2C /* Style2SpaceTests */ = {
			isa = PBXGroup;
			children = (
				D422C8132BCD27EA00298B2C /* Style2SpaceTests.swift */,
			);
			path = Style2SpaceTests;
			sourceTree = "<group>";
		};
		D422C81C2BCD27EA00298B2C /* Style2SpaceUITests */ = {
			isa = PBXGroup;
			children = (
				D422C81D2BCD27EA00298B2C /* Style2SpaceUITests.swift */,
				D422C81F2BCD27EA00298B2C /* Style2SpaceUITestsLaunchTests.swift */,
			);
			path = Style2SpaceUITests;
			sourceTree = "<group>";
		};
		D492A4542BCFC46B000C742F /* Delegates */ = {
			isa = PBXGroup;
			children = (
				D422C7FB2BCD27E500298B2C /* SceneDelegate.swift */,
				D422C7F92BCD27E500298B2C /* AppDelegate.swift */,
			);
			path = Delegates;
			sourceTree = "<group>";
		};
		D492A4552BCFC489000C742F /* Coordinator */ = {
			isa = PBXGroup;
			children = (
				D492A4572BCFC4AF000C742F /* Coordinator.swift */,
				D492A4582BCFC4AF000C742F /* MainCoordinator.swift */,
				D492A4562BCFC4AF000C742F /* StoryBoard.swift */,
			);
			path = Coordinator;
			sourceTree = "<group>";
		};
		D492A45C2BCFCCA3000C742F /* Login */ = {
			isa = PBXGroup;
			children = (
				D492A4642BCFF17B000C742F /* ViewModel */,
				D492A4632BCFF174000C742F /* Model */,
				D492A4622BCFF167000C742F /* View */,
			);
			path = Login;
			sourceTree = "<group>";
		};
		D492A45D2BCFCCC2000C742F /* DataBase */ = {
			isa = PBXGroup;
			children = (
				D422C8022BCD27E500298B2C /* Style2Space.xcdatamodeld */,
			);
			path = DataBase;
			sourceTree = "<group>";
		};
		D492A45E2BCFCEEC000C742F /* Utilities */ = {
			isa = PBXGroup;
			children = (
				D492A45F2BCFCF21000C742F /* Constants.swift */,
				D492A4692BD128DF000C742F /* Extensions.swift */,
			);
			path = Utilities;
			sourceTree = "<group>";
		};
		D492A4612BCFF145000C742F /* Screens */ = {
			isa = PBXGroup;
			children = (
				D492A48A2BD1A869000C742F /* Create Password */,
				D492A4822BD1A0D4000C742F /* AccountVerification */,
				D492A4702BD16C18000C742F /* Signup */,
				D492A45C2BCFCCA3000C742F /* Login */,
			);
			path = Screens;
			sourceTree = "<group>";
		};
		D492A4622BCFF167000C742F /* View */ = {
			isa = PBXGroup;
			children = (
				D422C7FD2BCD27E500298B2C /* ViewController.swift */,
			);
			path = View;
			sourceTree = "<group>";
		};
		D492A4632BCFF174000C742F /* Model */ = {
			isa = PBXGroup;
			children = (
				D492A46E2BD13D81000C742F /* LoginModel.swift */,
			);
			path = Model;
			sourceTree = "<group>";
		};
		D492A4642BCFF17B000C742F /* ViewModel */ = {
			isa = PBXGroup;
			children = (
				D492A4672BD06107000C742F /* ValidateData.swift */,
				D492A4652BD002A8000C742F /* LoginViewModel.swift */,
			);
			path = ViewModel;
			sourceTree = "<group>";
		};
		D492A46B2BD12DA5000C742F /* ApiManager */ = {
			isa = PBXGroup;
			children = (
				D492A46C2BD12DBC000C742F /* APIManager.swift */,
			);
			path = ApiManager;
			sourceTree = "<group>";
		};
		D492A4702BD16C18000C742F /* Signup */ = {
			isa = PBXGroup;
			children = (
				D492A4732BD16C36000C742F /* View */,
				D492A4722BD16C2E000C742F /* ViewModel */,
				D492A4712BD16C23000C742F /* Model */,
			);
			path = Signup;
			sourceTree = "<group>";
		};
		D492A4712BD16C23000C742F /* Model */ = {
			isa = PBXGroup;
			children = (
				D46814192BD27C1600A1AD59 /* SignupModel.swift */,
			);
			path = Model;
			sourceTree = "<group>";
		};
		D492A4722BD16C2E000C742F /* ViewModel */ = {
			isa = PBXGroup;
			children = (
				D492A4762BD16C8F000C742F /* SignUpViewModel.swift */,
			);
			path = ViewModel;
			sourceTree = "<group>";
		};
		D492A4732BD16C36000C742F /* View */ = {
			isa = PBXGroup;
			children = (
				D492A4742BD16C7C000C742F /* SignUpViewController.swift */,
				D492A47D2BD17109000C742F /* SignupCell */,
				D492A4782BD16F8B000C742F /* textFieldCell */,
				D47D30442BD43D8600CAC222 /* GenderDobTableViewCell.swift */,
				D47D30452BD43D8600CAC222 /* GenderDobTableViewCell.xib */,
			);
			path = View;
			sourceTree = "<group>";
		};
		D492A4782BD16F8B000C742F /* textFieldCell */ = {
			isa = PBXGroup;
			children = (
				D492A4792BD16FDE000C742F /* InputDataTableViewCell.swift */,
				D492A47A2BD16FDE000C742F /* InputDataTableViewCell.xib */,
			);
			path = textFieldCell;
			sourceTree = "<group>";
		};
		D492A47D2BD17109000C742F /* SignupCell */ = {
			isa = PBXGroup;
			children = (
				D492A47E2BD17124000C742F /* SignupTableViewCell.swift */,
				D492A47F2BD17124000C742F /* SignupTableViewCell.xib */,
			);
			path = SignupCell;
			sourceTree = "<group>";
		};
		D492A4822BD1A0D4000C742F /* AccountVerification */ = {
			isa = PBXGroup;
			children = (
				D492A4852BD1A0FE000C742F /* View */,
				D492A4842BD1A0F4000C742F /* ViewModel */,
				D492A4832BD1A0EC000C742F /* Model */,
			);
			path = AccountVerification;
			sourceTree = "<group>";
		};
		D492A4832BD1A0EC000C742F /* Model */ = {
			isa = PBXGroup;
			children = (
			);
			path = Model;
			sourceTree = "<group>";
		};
		D492A4842BD1A0F4000C742F /* ViewModel */ = {
			isa = PBXGroup;
			children = (
				D492A4882BD1A15E000C742F /* AccountVerificationViewModel.swift */,
			);
			path = ViewModel;
			sourceTree = "<group>";
		};
		D492A4852BD1A0FE000C742F /* View */ = {
			isa = PBXGroup;
			children = (
				D492A4862BD1A13A000C742F /* AccountVerificationViewController.swift */,
				D47D30482BD5020200CAC222 /* OTPTextField.swift */,
			);
			path = View;
			sourceTree = "<group>";
		};
		D492A48A2BD1A869000C742F /* Create Password */ = {
			isa = PBXGroup;
			children = (
				D492A48D2BD1A890000C742F /* View */,
				D492A48C2BD1A882000C742F /* ViewModel */,
				D492A48B2BD1A87B000C742F /* Model */,
			);
			path = "Create Password";
			sourceTree = "<group>";
		};
		D492A48B2BD1A87B000C742F /* Model */ = {
			isa = PBXGroup;
			children = (
			);
			path = Model;
			sourceTree = "<group>";
		};
		D492A48C2BD1A882000C742F /* ViewModel */ = {
			isa = PBXGroup;
			children = (
				D492A4902BD1A8C3000C742F /* CreatePasswordViewModel.swift */,
			);
			path = ViewModel;
			sourceTree = "<group>";
		};
		D492A48D2BD1A890000C742F /* View */ = {
			isa = PBXGroup;
			children = (
				D492A48E2BD1A8AC000C742F /* CreatePasswordViewController.swift */,
			);
			path = View;
			sourceTree = "<group>";
		};
/* End PBXGroup section */

/* Begin PBXNativeTarget section */
		D422C7F52BCD27E400298B2C /* Style2Space */ = {
			isa = PBXNativeTarget;
			buildConfigurationList = D422C8232BCD27EA00298B2C /* Build configuration list for PBXNativeTarget "Style2Space" */;
			buildPhases = (
				6F738C6AC660F013AD5754D3 /* [CP] Check Pods Manifest.lock */,
				D422C7F22BCD27E400298B2C /* Sources */,
				D422C7F32BCD27E400298B2C /* Frameworks */,
				D422C7F42BCD27E400298B2C /* Resources */,
				D47D30412BD412E200CAC222 /* ShellScript */,
			);
			buildRules = (
			);
			dependencies = (
			);
			name = Style2Space;
			packageProductDependencies = (
				D47D303F2BD40E9F00CAC222 /* IQKeyboardManagerSwift */,
			);
			productName = Style2Space;
			productReference = D422C7F62BCD27E400298B2C /* Style2Space.app */;
			productType = "com.apple.product-type.application";
		};
		D422C80E2BCD27EA00298B2C /* Style2SpaceTests */ = {
			isa = PBXNativeTarget;
			buildConfigurationList = D422C8262BCD27EA00298B2C /* Build configuration list for PBXNativeTarget "Style2SpaceTests" */;
			buildPhases = (
				7FE60577007FB4800B4BA1F5 /* [CP] Check Pods Manifest.lock */,
				D422C80B2BCD27EA00298B2C /* Sources */,
				D422C80C2BCD27EA00298B2C /* Frameworks */,
				D422C80D2BCD27EA00298B2C /* Resources */,
			);
			buildRules = (
			);
			dependencies = (
				D422C8112BCD27EA00298B2C /* PBXTargetDependency */,
			);
			name = Style2SpaceTests;
			productName = Style2SpaceTests;
			productReference = D422C80F2BCD27EA00298B2C /* Style2SpaceTests.xctest */;
			productType = "com.apple.product-type.bundle.unit-test";
		};
		D422C8182BCD27EA00298B2C /* Style2SpaceUITests */ = {
			isa = PBXNativeTarget;
			buildConfigurationList = D422C8292BCD27EA00298B2C /* Build configuration list for PBXNativeTarget "Style2SpaceUITests" */;
			buildPhases = (
				41AB960580E26A05DF677E13 /* [CP] Check Pods Manifest.lock */,
				D422C8152BCD27EA00298B2C /* Sources */,
				D422C8162BCD27EA00298B2C /* Frameworks */,
				D422C8172BCD27EA00298B2C /* Resources */,
			);
			buildRules = (
			);
			dependencies = (
				D422C81B2BCD27EA00298B2C /* PBXTargetDependency */,
			);
			name = Style2SpaceUITests;
			productName = Style2SpaceUITests;
			productReference = D422C8192BCD27EA00298B2C /* Style2SpaceUITests.xctest */;
			productType = "com.apple.product-type.bundle.ui-testing";
		};
/* End PBXNativeTarget section */

/* Begin PBXProject section */
		D422C7EE2BCD27E400298B2C /* Project object */ = {
			isa = PBXProject;
			attributes = {
				BuildIndependentTargetsInParallel = 1;
				LastSwiftUpdateCheck = 1520;
				LastUpgradeCheck = 1520;
				TargetAttributes = {
					D422C7F52BCD27E400298B2C = {
						CreatedOnToolsVersion = 15.2;
					};
					D422C80E2BCD27EA00298B2C = {
						CreatedOnToolsVersion = 15.2;
						TestTargetID = D422C7F52BCD27E400298B2C;
					};
					D422C8182BCD27EA00298B2C = {
						CreatedOnToolsVersion = 15.2;
						TestTargetID = D422C7F52BCD27E400298B2C;
					};
				};
			};
			buildConfigurationList = D422C7F12BCD27E400298B2C /* Build configuration list for PBXProject "Style2Space" */;
			compatibilityVersion = "Xcode 14.0";
			developmentRegion = en;
			hasScannedForEncodings = 0;
			knownRegions = (
				en,
				Base,
			);
			mainGroup = D422C7ED2BCD27E400298B2C;
			packageReferences = (
				D47D303E2BD40E9F00CAC222 /* XCRemoteSwiftPackageReference "IQKeyboardManager" */,
			);
			productRefGroup = D422C7F72BCD27E400298B2C /* Products */;
			projectDirPath = "";
			projectRoot = "";
			targets = (
				D422C7F52BCD27E400298B2C /* Style2Space */,
				D422C80E2BCD27EA00298B2C /* Style2SpaceTests */,
				D422C8182BCD27EA00298B2C /* Style2SpaceUITests */,
			);
		};
/* End PBXProject section */

/* Begin PBXResourcesBuildPhase section */
		D422C7F42BCD27E400298B2C /* Resources */ = {
			isa = PBXResourcesBuildPhase;
			buildActionMask = 2147483647;
			files = (
				D492A47C2BD16FDE000C742F /* InputDataTableViewCell.xib in Resources */,
				D47D30432BD4144A00CAC222 /* swiftlint.yml in Resources */,
				D492A4812BD17124000C742F /* SignupTableViewCell.xib in Resources */,
				D47D30472BD43D8600CAC222 /* GenderDobTableViewCell.xib in Resources */,
				D422C8092BCD27E900298B2C /* LaunchScreen.storyboard in Resources */,
				D422C8062BCD27E900298B2C /* Assets.xcassets in Resources */,
				D422C8012BCD27E500298B2C /* Main.storyboard in Resources */,
			);
			runOnlyForDeploymentPostprocessing = 0;
		};
		D422C80D2BCD27EA00298B2C /* Resources */ = {
			isa = PBXResourcesBuildPhase;
			buildActionMask = 2147483647;
			files = (
			);
			runOnlyForDeploymentPostprocessing = 0;
		};
		D422C8172BCD27EA00298B2C /* Resources */ = {
			isa = PBXResourcesBuildPhase;
			buildActionMask = 2147483647;
			files = (
			);
			runOnlyForDeploymentPostprocessing = 0;
		};
/* End PBXResourcesBuildPhase section */

/* Begin PBXShellScriptBuildPhase section */
		41AB960580E26A05DF677E13 /* [CP] Check Pods Manifest.lock */ = {
			isa = PBXShellScriptBuildPhase;
			buildActionMask = 2147483647;
			files = (
			);
			inputFileListPaths = (
			);
			inputPaths = (
				"${PODS_PODFILE_DIR_PATH}/Podfile.lock",
				"${PODS_ROOT}/Manifest.lock",
			);
			name = "[CP] Check Pods Manifest.lock";
			outputFileListPaths = (
			);
			outputPaths = (
				"$(DERIVED_FILE_DIR)/Pods-Style2Space-Style2SpaceUITests-checkManifestLockResult.txt",
			);
			runOnlyForDeploymentPostprocessing = 0;
			shellPath = /bin/sh;
			shellScript = "diff \"${PODS_PODFILE_DIR_PATH}/Podfile.lock\" \"${PODS_ROOT}/Manifest.lock\" > /dev/null\nif [ $? != 0 ] ; then\n    # print error to STDERR\n    echo \"error: The sandbox is not in sync with the Podfile.lock. Run 'pod install' or update your CocoaPods installation.\" >&2\n    exit 1\nfi\n# This output is used by Xcode 'outputs' to avoid re-running this script phase.\necho \"SUCCESS\" > \"${SCRIPT_OUTPUT_FILE_0}\"\n";
			showEnvVarsInLog = 0;
		};
		6F738C6AC660F013AD5754D3 /* [CP] Check Pods Manifest.lock */ = {
			isa = PBXShellScriptBuildPhase;
			buildActionMask = 2147483647;
			files = (
			);
			inputFileListPaths = (
			);
			inputPaths = (
				"${PODS_PODFILE_DIR_PATH}/Podfile.lock",
				"${PODS_ROOT}/Manifest.lock",
			);
			name = "[CP] Check Pods Manifest.lock";
			outputFileListPaths = (
			);
			outputPaths = (
				"$(DERIVED_FILE_DIR)/Pods-Style2Space-checkManifestLockResult.txt",
			);
			runOnlyForDeploymentPostprocessing = 0;
			shellPath = /bin/sh;
			shellScript = "diff \"${PODS_PODFILE_DIR_PATH}/Podfile.lock\" \"${PODS_ROOT}/Manifest.lock\" > /dev/null\nif [ $? != 0 ] ; then\n    # print error to STDERR\n    echo \"error: The sandbox is not in sync with the Podfile.lock. Run 'pod install' or update your CocoaPods installation.\" >&2\n    exit 1\nfi\n# This output is used by Xcode 'outputs' to avoid re-running this script phase.\necho \"SUCCESS\" > \"${SCRIPT_OUTPUT_FILE_0}\"\n";
			showEnvVarsInLog = 0;
		};
		7FE60577007FB4800B4BA1F5 /* [CP] Check Pods Manifest.lock */ = {
			isa = PBXShellScriptBuildPhase;
			buildActionMask = 2147483647;
			files = (
			);
			inputFileListPaths = (
			);
			inputPaths = (
				"${PODS_PODFILE_DIR_PATH}/Podfile.lock",
				"${PODS_ROOT}/Manifest.lock",
			);
			name = "[CP] Check Pods Manifest.lock";
			outputFileListPaths = (
			);
			outputPaths = (
				"$(DERIVED_FILE_DIR)/Pods-Style2SpaceTests-checkManifestLockResult.txt",
			);
			runOnlyForDeploymentPostprocessing = 0;
			shellPath = /bin/sh;
			shellScript = "diff \"${PODS_PODFILE_DIR_PATH}/Podfile.lock\" \"${PODS_ROOT}/Manifest.lock\" > /dev/null\nif [ $? != 0 ] ; then\n    # print error to STDERR\n    echo \"error: The sandbox is not in sync with the Podfile.lock. Run 'pod install' or update your CocoaPods installation.\" >&2\n    exit 1\nfi\n# This output is used by Xcode 'outputs' to avoid re-running this script phase.\necho \"SUCCESS\" > \"${SCRIPT_OUTPUT_FILE_0}\"\n";
			showEnvVarsInLog = 0;
		};
		D47D30412BD412E200CAC222 /* ShellScript */ = {
			isa = PBXShellScriptBuildPhase;
			buildActionMask = 2147483647;
			files = (
			);
			inputFileListPaths = (
			);
			inputPaths = (
			);
			outputFileListPaths = (
			);
			outputPaths = (
			);
			runOnlyForDeploymentPostprocessing = 0;
			shellPath = /bin/sh;
			shellScript = "# Type a script or drag a script file from your workspace to insert its path.\nif which swiftlint >/dev/null; then\n    swiftlint\n    \t\nelse\n    echo \"warning: SwiftLint not installed, download from https://github.com/realm/SwiftLint\"\nfi\n";
		};
/* End PBXShellScriptBuildPhase section */

/* Begin PBXSourcesBuildPhase section */
		D422C7F22BCD27E400298B2C /* Sources */ = {
			isa = PBXSourcesBuildPhase;
			buildActionMask = 2147483647;
			files = (
				D492A4802BD17124000C742F /* SignupTableViewCell.swift in Sources */,
				D492A46D2BD12DBC000C742F /* APIManager.swift in Sources */,
				D492A4592BCFC4AF000C742F /* StoryBoard.swift in Sources */,
				D492A45B2BCFC4AF000C742F /* MainCoordinator.swift in Sources */,
				D492A4912BD1A8C3000C742F /* CreatePasswordViewModel.swift in Sources */,
				D422C7FE2BCD27E500298B2C /* ViewController.swift in Sources */,
				D492A47B2BD16FDE000C742F /* InputDataTableViewCell.swift in Sources */,
				D492A45A2BCFC4AF000C742F /* Coordinator.swift in Sources */,
				D422C7FA2BCD27E500298B2C /* AppDelegate.swift in Sources */,
				D422C7FC2BCD27E500298B2C /* SceneDelegate.swift in Sources */,
				D492A4872BD1A13A000C742F /* AccountVerificationViewController.swift in Sources */,
				D492A4772BD16C8F000C742F /* SignUpViewModel.swift in Sources */,
				D422C8042BCD27E500298B2C /* Style2Space.xcdatamodeld in Sources */,
				D492A4752BD16C7C000C742F /* SignUpViewController.swift in Sources */,
				D492A46F2BD13D81000C742F /* LoginModel.swift in Sources */,
				D492A4682BD06107000C742F /* ValidateData.swift in Sources */,
				D492A4602BCFCF21000C742F /* Constants.swift in Sources */,
				D47D30492BD5020300CAC222 /* OTPTextField.swift in Sources */,
				D492A46A2BD128DF000C742F /* Extensions.swift in Sources */,
				D492A4892BD1A15F000C742F /* AccountVerificationViewModel.swift in Sources */,
				D492A4662BD002A8000C742F /* LoginViewModel.swift in Sources */,
				D492A48F2BD1A8AC000C742F /* CreatePasswordViewController.swift in Sources */,
				D47D30462BD43D8600CAC222 /* GenderDobTableViewCell.swift in Sources */,
				D468141A2BD27C1600A1AD59 /* SignupModel.swift in Sources */,
			);
			runOnlyForDeploymentPostprocessing = 0;
		};
		D422C80B2BCD27EA00298B2C /* Sources */ = {
			isa = PBXSourcesBuildPhase;
			buildActionMask = 2147483647;
			files = (
				D422C8142BCD27EA00298B2C /* Style2SpaceTests.swift in Sources */,
			);
			runOnlyForDeploymentPostprocessing = 0;
		};
		D422C8152BCD27EA00298B2C /* Sources */ = {
			isa = PBXSourcesBuildPhase;
			buildActionMask = 2147483647;
			files = (
				D422C8202BCD27EA00298B2C /* Style2SpaceUITestsLaunchTests.swift in Sources */,
				D422C81E2BCD27EA00298B2C /* Style2SpaceUITests.swift in Sources */,
			);
			runOnlyForDeploymentPostprocessing = 0;
		};
/* End PBXSourcesBuildPhase section */

/* Begin PBXTargetDependency section */
		D422C8112BCD27EA00298B2C /* PBXTargetDependency */ = {
			isa = PBXTargetDependency;
			target = D422C7F52BCD27E400298B2C /* Style2Space */;
			targetProxy = D422C8102BCD27EA00298B2C /* PBXContainerItemProxy */;
		};
		D422C81B2BCD27EA00298B2C /* PBXTargetDependency */ = {
			isa = PBXTargetDependency;
			target = D422C7F52BCD27E400298B2C /* Style2Space */;
			targetProxy = D422C81A2BCD27EA00298B2C /* PBXContainerItemProxy */;
		};
/* End PBXTargetDependency section */

/* Begin PBXVariantGroup section */
		D422C7FF2BCD27E500298B2C /* Main.storyboard */ = {
			isa = PBXVariantGroup;
			children = (
				D422C8002BCD27E500298B2C /* Base */,
			);
			name = Main.storyboard;
			sourceTree = "<group>";
		};
		D422C8072BCD27E900298B2C /* LaunchScreen.storyboard */ = {
			isa = PBXVariantGroup;
			children = (
				D422C8082BCD27E900298B2C /* Base */,
			);
			name = LaunchScreen.storyboard;
			sourceTree = "<group>";
		};
/* End PBXVariantGroup section */

/* Begin XCBuildConfiguration section */
		D422C8212BCD27EA00298B2C /* Debug */ = {
			isa = XCBuildConfiguration;
			buildSettings = {
				ALWAYS_SEARCH_USER_PATHS = NO;
				ASSETCATALOG_COMPILER_GENERATE_SWIFT_ASSET_SYMBOL_EXTENSIONS = YES;
				CLANG_ANALYZER_NONNULL = YES;
				CLANG_ANALYZER_NUMBER_OBJECT_CONVERSION = YES_AGGRESSIVE;
				CLANG_CXX_LANGUAGE_STANDARD = "gnu++20";
				CLANG_ENABLE_MODULES = YES;
				CLANG_ENABLE_OBJC_ARC = YES;
				CLANG_ENABLE_OBJC_WEAK = YES;
				CLANG_WARN_BLOCK_CAPTURE_AUTORELEASING = YES;
				CLANG_WARN_BOOL_CONVERSION = YES;
				CLANG_WARN_COMMA = YES;
				CLANG_WARN_CONSTANT_CONVERSION = YES;
				CLANG_WARN_DEPRECATED_OBJC_IMPLEMENTATIONS = YES;
				CLANG_WARN_DIRECT_OBJC_ISA_USAGE = YES_ERROR;
				CLANG_WARN_DOCUMENTATION_COMMENTS = YES;
				CLANG_WARN_EMPTY_BODY = YES;
				CLANG_WARN_ENUM_CONVERSION = YES;
				CLANG_WARN_INFINITE_RECURSION = YES;
				CLANG_WARN_INT_CONVERSION = YES;
				CLANG_WARN_NON_LITERAL_NULL_CONVERSION = YES;
				CLANG_WARN_OBJC_IMPLICIT_RETAIN_SELF = YES;
				CLANG_WARN_OBJC_LITERAL_CONVERSION = YES;
				CLANG_WARN_OBJC_ROOT_CLASS = YES_ERROR;
				CLANG_WARN_QUOTED_INCLUDE_IN_FRAMEWORK_HEADER = YES;
				CLANG_WARN_RANGE_LOOP_ANALYSIS = YES;
				CLANG_WARN_STRICT_PROTOTYPES = YES;
				CLANG_WARN_SUSPICIOUS_MOVE = YES;
				CLANG_WARN_UNGUARDED_AVAILABILITY = YES_AGGRESSIVE;
				CLANG_WARN_UNREACHABLE_CODE = YES;
				CLANG_WARN__DUPLICATE_METHOD_MATCH = YES;
				COPY_PHASE_STRIP = NO;
				DEBUG_INFORMATION_FORMAT = dwarf;
				ENABLE_STRICT_OBJC_MSGSEND = YES;
				ENABLE_TESTABILITY = YES;
				ENABLE_USER_SCRIPT_SANDBOXING = YES;
				GCC_C_LANGUAGE_STANDARD = gnu17;
				GCC_DYNAMIC_NO_PIC = NO;
				GCC_NO_COMMON_BLOCKS = YES;
				GCC_OPTIMIZATION_LEVEL = 0;
				GCC_PREPROCESSOR_DEFINITIONS = (
					"DEBUG=1",
					"$(inherited)",
				);
				GCC_WARN_64_TO_32_BIT_CONVERSION = YES;
				GCC_WARN_ABOUT_RETURN_TYPE = YES_ERROR;
				GCC_WARN_UNDECLARED_SELECTOR = YES;
				GCC_WARN_UNINITIALIZED_AUTOS = YES_AGGRESSIVE;
				GCC_WARN_UNUSED_FUNCTION = YES;
				GCC_WARN_UNUSED_VARIABLE = YES;
				IPHONEOS_DEPLOYMENT_TARGET = 15.0;
				LOCALIZATION_PREFERS_STRING_CATALOGS = YES;
				MTL_ENABLE_DEBUG_INFO = INCLUDE_SOURCE;
				MTL_FAST_MATH = YES;
				ONLY_ACTIVE_ARCH = YES;
				SDKROOT = iphoneos;
				SWIFT_ACTIVE_COMPILATION_CONDITIONS = "DEBUG $(inherited)";
				SWIFT_OPTIMIZATION_LEVEL = "-Onone";
			};
			name = Debug;
		};
		D422C8222BCD27EA00298B2C /* Release */ = {
			isa = XCBuildConfiguration;
			buildSettings = {
				ALWAYS_SEARCH_USER_PATHS = NO;
				ASSETCATALOG_COMPILER_GENERATE_SWIFT_ASSET_SYMBOL_EXTENSIONS = YES;
				CLANG_ANALYZER_NONNULL = YES;
				CLANG_ANALYZER_NUMBER_OBJECT_CONVERSION = YES_AGGRESSIVE;
				CLANG_CXX_LANGUAGE_STANDARD = "gnu++20";
				CLANG_ENABLE_MODULES = YES;
				CLANG_ENABLE_OBJC_ARC = YES;
				CLANG_ENABLE_OBJC_WEAK = YES;
				CLANG_WARN_BLOCK_CAPTURE_AUTORELEASING = YES;
				CLANG_WARN_BOOL_CONVERSION = YES;
				CLANG_WARN_COMMA = YES;
				CLANG_WARN_CONSTANT_CONVERSION = YES;
				CLANG_WARN_DEPRECATED_OBJC_IMPLEMENTATIONS = YES;
				CLANG_WARN_DIRECT_OBJC_ISA_USAGE = YES_ERROR;
				CLANG_WARN_DOCUMENTATION_COMMENTS = YES;
				CLANG_WARN_EMPTY_BODY = YES;
				CLANG_WARN_ENUM_CONVERSION = YES;
				CLANG_WARN_INFINITE_RECURSION = YES;
				CLANG_WARN_INT_CONVERSION = YES;
				CLANG_WARN_NON_LITERAL_NULL_CONVERSION = YES;
				CLANG_WARN_OBJC_IMPLICIT_RETAIN_SELF = YES;
				CLANG_WARN_OBJC_LITERAL_CONVERSION = YES;
				CLANG_WARN_OBJC_ROOT_CLASS = YES_ERROR;
				CLANG_WARN_QUOTED_INCLUDE_IN_FRAMEWORK_HEADER = YES;
				CLANG_WARN_RANGE_LOOP_ANALYSIS = YES;
				CLANG_WARN_STRICT_PROTOTYPES = YES;
				CLANG_WARN_SUSPICIOUS_MOVE = YES;
				CLANG_WARN_UNGUARDED_AVAILABILITY = YES_AGGRESSIVE;
				CLANG_WARN_UNREACHABLE_CODE = YES;
				CLANG_WARN__DUPLICATE_METHOD_MATCH = YES;
				COPY_PHASE_STRIP = NO;
				DEBUG_INFORMATION_FORMAT = "dwarf-with-dsym";
				ENABLE_NS_ASSERTIONS = NO;
				ENABLE_STRICT_OBJC_MSGSEND = YES;
				ENABLE_USER_SCRIPT_SANDBOXING = YES;
				GCC_C_LANGUAGE_STANDARD = gnu17;
				GCC_NO_COMMON_BLOCKS = YES;
				GCC_WARN_64_TO_32_BIT_CONVERSION = YES;
				GCC_WARN_ABOUT_RETURN_TYPE = YES_ERROR;
				GCC_WARN_UNDECLARED_SELECTOR = YES;
				GCC_WARN_UNINITIALIZED_AUTOS = YES_AGGRESSIVE;
				GCC_WARN_UNUSED_FUNCTION = YES;
				GCC_WARN_UNUSED_VARIABLE = YES;
				IPHONEOS_DEPLOYMENT_TARGET = 15.0;
				LOCALIZATION_PREFERS_STRING_CATALOGS = YES;
				MTL_ENABLE_DEBUG_INFO = NO;
				MTL_FAST_MATH = YES;
				SDKROOT = iphoneos;
				SWIFT_COMPILATION_MODE = wholemodule;
				VALIDATE_PRODUCT = YES;
			};
			name = Release;
		};
		D422C8242BCD27EA00298B2C /* Debug */ = {
			isa = XCBuildConfiguration;
			baseConfigurationReference = D3B2F75C28B54CB1BE6B8A41 /* Pods-Style2Space.debug.xcconfig */;
			buildSettings = {
				ASSETCATALOG_COMPILER_APPICON_NAME = AppIcon;
				ASSETCATALOG_COMPILER_GLOBAL_ACCENT_COLOR_NAME = AccentColor;
				CODE_SIGN_STYLE = Automatic;
				CURRENT_PROJECT_VERSION = 1;
				DEVELOPMENT_TEAM = 4Z89NM8CPW;
				GENERATE_INFOPLIST_FILE = YES;
				INFOPLIST_FILE = Style2Space/Info.plist;
				INFOPLIST_KEY_UIApplicationSupportsIndirectInputEvents = YES;
				INFOPLIST_KEY_UILaunchStoryboardName = LaunchScreen;
				INFOPLIST_KEY_UIMainStoryboardFile = Main;
				INFOPLIST_KEY_UISupportedInterfaceOrientations_iPad = "UIInterfaceOrientationPortrait UIInterfaceOrientationPortraitUpsideDown UIInterfaceOrientationLandscapeLeft UIInterfaceOrientationLandscapeRight";
				INFOPLIST_KEY_UISupportedInterfaceOrientations_iPhone = "UIInterfaceOrientationPortrait UIInterfaceOrientationLandscapeLeft UIInterfaceOrientationLandscapeRight";
				LD_RUNPATH_SEARCH_PATHS = (
					"$(inherited)",
					"@executable_path/Frameworks",
				);
				MARKETING_VERSION = 1.0;
				PRODUCT_BUNDLE_IDENTIFIER = org.Style2Space.com.Style2Space;
				PRODUCT_NAME = "$(TARGET_NAME)";
				SWIFT_EMIT_LOC_STRINGS = YES;
				SWIFT_VERSION = 5.0;
				TARGETED_DEVICE_FAMILY = "1,2";
			};
			name = Debug;
		};
		D422C8252BCD27EA00298B2C /* Release */ = {
			isa = XCBuildConfiguration;
			baseConfigurationReference = 4060F69A6EF9AC9264B3A925 /* Pods-Style2Space.release.xcconfig */;
			buildSettings = {
				ASSETCATALOG_COMPILER_APPICON_NAME = AppIcon;
				ASSETCATALOG_COMPILER_GLOBAL_ACCENT_COLOR_NAME = AccentColor;
				CODE_SIGN_STYLE = Automatic;
				CURRENT_PROJECT_VERSION = 1;
				DEVELOPMENT_TEAM = 4Z89NM8CPW;
				GENERATE_INFOPLIST_FILE = YES;
				INFOPLIST_FILE = Style2Space/Info.plist;
				INFOPLIST_KEY_UIApplicationSupportsIndirectInputEvents = YES;
				INFOPLIST_KEY_UILaunchStoryboardName = LaunchScreen;
				INFOPLIST_KEY_UIMainStoryboardFile = Main;
				INFOPLIST_KEY_UISupportedInterfaceOrientations_iPad = "UIInterfaceOrientationPortrait UIInterfaceOrientationPortraitUpsideDown UIInterfaceOrientationLandscapeLeft UIInterfaceOrientationLandscapeRight";
				INFOPLIST_KEY_UISupportedInterfaceOrientations_iPhone = "UIInterfaceOrientationPortrait UIInterfaceOrientationLandscapeLeft UIInterfaceOrientationLandscapeRight";
				LD_RUNPATH_SEARCH_PATHS = (
					"$(inherited)",
					"@executable_path/Frameworks",
				);
				MARKETING_VERSION = 1.0;
				PRODUCT_BUNDLE_IDENTIFIER = org.Style2Space.com.Style2Space;
				PRODUCT_NAME = "$(TARGET_NAME)";
				SWIFT_EMIT_LOC_STRINGS = YES;
				SWIFT_VERSION = 5.0;
				TARGETED_DEVICE_FAMILY = "1,2";
			};
			name = Release;
		};
		D422C8272BCD27EA00298B2C /* Debug */ = {
			isa = XCBuildConfiguration;
			baseConfigurationReference = A82B3CA39E7CBF13DE5C7116 /* Pods-Style2SpaceTests.debug.xcconfig */;
			buildSettings = {
				ALWAYS_EMBED_SWIFT_STANDARD_LIBRARIES = YES;
				BUNDLE_LOADER = "$(TEST_HOST)";
				CODE_SIGN_STYLE = Automatic;
				CURRENT_PROJECT_VERSION = 1;
				GENERATE_INFOPLIST_FILE = YES;
				IPHONEOS_DEPLOYMENT_TARGET = 17.2;
				MARKETING_VERSION = 1.0;
				PRODUCT_BUNDLE_IDENTIFIER = org.Style2Space.com.Style2SpaceTests;
				PRODUCT_NAME = "$(TARGET_NAME)";
				SWIFT_EMIT_LOC_STRINGS = NO;
				SWIFT_VERSION = 5.0;
				TARGETED_DEVICE_FAMILY = "1,2";
				TEST_HOST = "$(BUILT_PRODUCTS_DIR)/Style2Space.app/$(BUNDLE_EXECUTABLE_FOLDER_PATH)/Style2Space";
			};
			name = Debug;
		};
		D422C8282BCD27EA00298B2C /* Release */ = {
			isa = XCBuildConfiguration;
			baseConfigurationReference = BD47C3FE0BFBD9D83195F813 /* Pods-Style2SpaceTests.release.xcconfig */;
			buildSettings = {
				ALWAYS_EMBED_SWIFT_STANDARD_LIBRARIES = YES;
				BUNDLE_LOADER = "$(TEST_HOST)";
				CODE_SIGN_STYLE = Automatic;
				CURRENT_PROJECT_VERSION = 1;
				GENERATE_INFOPLIST_FILE = YES;
				IPHONEOS_DEPLOYMENT_TARGET = 17.2;
				MARKETING_VERSION = 1.0;
				PRODUCT_BUNDLE_IDENTIFIER = org.Style2Space.com.Style2SpaceTests;
				PRODUCT_NAME = "$(TARGET_NAME)";
				SWIFT_EMIT_LOC_STRINGS = NO;
				SWIFT_VERSION = 5.0;
				TARGETED_DEVICE_FAMILY = "1,2";
				TEST_HOST = "$(BUILT_PRODUCTS_DIR)/Style2Space.app/$(BUNDLE_EXECUTABLE_FOLDER_PATH)/Style2Space";
			};
			name = Release;
		};
		D422C82A2BCD27EA00298B2C /* Debug */ = {
			isa = XCBuildConfiguration;
			baseConfigurationReference = 583BC91D43343A88D1339073 /* Pods-Style2Space-Style2SpaceUITests.debug.xcconfig */;
			buildSettings = {
				ALWAYS_EMBED_SWIFT_STANDARD_LIBRARIES = YES;
				CODE_SIGN_STYLE = Automatic;
				CURRENT_PROJECT_VERSION = 1;
				GENERATE_INFOPLIST_FILE = YES;
				MARKETING_VERSION = 1.0;
				PRODUCT_BUNDLE_IDENTIFIER = org.Style2Space.com.Style2SpaceUITests;
				PRODUCT_NAME = "$(TARGET_NAME)";
				SWIFT_EMIT_LOC_STRINGS = NO;
				SWIFT_VERSION = 5.0;
				TARGETED_DEVICE_FAMILY = "1,2";
				TEST_TARGET_NAME = Style2Space;
			};
			name = Debug;
		};
		D422C82B2BCD27EA00298B2C /* Release */ = {
			isa = XCBuildConfiguration;
			baseConfigurationReference = ECFBB1CF28932B7ADBC53A92 /* Pods-Style2Space-Style2SpaceUITests.release.xcconfig */;
			buildSettings = {
				ALWAYS_EMBED_SWIFT_STANDARD_LIBRARIES = YES;
				CODE_SIGN_STYLE = Automatic;
				CURRENT_PROJECT_VERSION = 1;
				GENERATE_INFOPLIST_FILE = YES;
				MARKETING_VERSION = 1.0;
				PRODUCT_BUNDLE_IDENTIFIER = org.Style2Space.com.Style2SpaceUITests;
				PRODUCT_NAME = "$(TARGET_NAME)";
				SWIFT_EMIT_LOC_STRINGS = NO;
				SWIFT_VERSION = 5.0;
				TARGETED_DEVICE_FAMILY = "1,2";
				TEST_TARGET_NAME = Style2Space;
			};
			name = Release;
		};
/* End XCBuildConfiguration section */

/* Begin XCConfigurationList section */
		D422C7F12BCD27E400298B2C /* Build configuration list for PBXProject "Style2Space" */ = {
			isa = XCConfigurationList;
			buildConfigurations = (
				D422C8212BCD27EA00298B2C /* Debug */,
				D422C8222BCD27EA00298B2C /* Release */,
			);
			defaultConfigurationIsVisible = 0;
			defaultConfigurationName = Release;
		};
		D422C8232BCD27EA00298B2C /* Build configuration list for PBXNativeTarget "Style2Space" */ = {
			isa = XCConfigurationList;
			buildConfigurations = (
				D422C8242BCD27EA00298B2C /* Debug */,
				D422C8252BCD27EA00298B2C /* Release */,
			);
			defaultConfigurationIsVisible = 0;
			defaultConfigurationName = Release;
		};
		D422C8262BCD27EA00298B2C /* Build configuration list for PBXNativeTarget "Style2SpaceTests" */ = {
			isa = XCConfigurationList;
			buildConfigurations = (
				D422C8272BCD27EA00298B2C /* Debug */,
				D422C8282BCD27EA00298B2C /* Release */,
			);
			defaultConfigurationIsVisible = 0;
			defaultConfigurationName = Release;
		};
		D422C8292BCD27EA00298B2C /* Build configuration list for PBXNativeTarget "Style2SpaceUITests" */ = {
			isa = XCConfigurationList;
			buildConfigurations = (
				D422C82A2BCD27EA00298B2C /* Debug */,
				D422C82B2BCD27EA00298B2C /* Release */,
			);
			defaultConfigurationIsVisible = 0;
			defaultConfigurationName = Release;
		};
/* End XCConfigurationList section */

/* Begin XCRemoteSwiftPackageReference section */
		D47D303E2BD40E9F00CAC222 /* XCRemoteSwiftPackageReference "IQKeyboardManager" */ = {
			isa = XCRemoteSwiftPackageReference;
			repositoryURL = "https://github.com/hackiftekhar/IQKeyboardManager.git";
			requirement = {
				kind = upToNextMajorVersion;
				minimumVersion = 7.0.2;
			};
		};
/* End XCRemoteSwiftPackageReference section */

/* Begin XCSwiftPackageProductDependency section */
		D47D303F2BD40E9F00CAC222 /* IQKeyboardManagerSwift */ = {
			isa = XCSwiftPackageProductDependency;
			package = D47D303E2BD40E9F00CAC222 /* XCRemoteSwiftPackageReference "IQKeyboardManager" */;
			productName = IQKeyboardManagerSwift;
		};
/* End XCSwiftPackageProductDependency section */

/* Begin XCVersionGroup section */
		D422C8022BCD27E500298B2C /* Style2Space.xcdatamodeld */ = {
			isa = XCVersionGroup;
			children = (
				D422C8032BCD27E500298B2C /* Style2Space.xcdatamodel */,
			);
			currentVersion = D422C8032BCD27E500298B2C /* Style2Space.xcdatamodel */;
			path = Style2Space.xcdatamodeld;
			sourceTree = "<group>";
			versionGroupType = wrapper.xcdatamodel;
		};
/* End XCVersionGroup section */
	};
	rootObject = D422C7EE2BCD27E400298B2C /* Project object */;
}
